
Microsoft Visual Studio Solution File, Format Version 12.00
# Visual Studio Version 16
VisualStudioVersion = 16.0.31624.102
MinimumVisualStudioVersion = 10.0.40219.1
Project("{FAE04EC0-301F-11D3-BF4B-00C04F79EFBC}") = "BuscarFitxers", "BuscarFitxers\BuscarFitxers.csproj", "{CA291F57-0B17-477C-B400-5394FF0CECDF}"
EndProject
Global
	GlobalSection(SolutionConfigurationPlatforms) = preSolution
		Debug|Any CPU = Debug|Any CPU
		Release|Any CPU = Release|Any CPU
	EndGlobalSection
	GlobalSection(ProjectConfigurationPlatforms) = postSolution
		{CA291F57-0B17-477C-B400-5394FF0CECDF}.Debug|Any CPU.ActiveCfg = Debug|Any CPU
		{CA291F57-0B17-477C-B400-5394FF0CECDF}.Debug|Any CPU.Build.0 = Debug|Any CPU
		{CA291F57-0B17-477C-B400-5394FF0CECDF}.Release|Any CPU.ActiveCfg = Release|Any CPU
		{CA291F57-0B17-477C-B400-5394FF0CECDF}.Release|Any CPU.Build.0 = Release|Any CPU
	EndGlobalSection
	GlobalSection(SolutionProperties) = preSolution
		HideSolutionNode = FALSE
	EndGlobalSection
	GlobalSection(ExtensibilityGlobals) = postSolution
		SolutionGuid = {344BBD88-024E-47CA-A8E7-5AB03AD19FBC}
	EndGlobalSection
EndGlobal
